
Microsoft Visual Studio Solution File, Format Version 12.00
# Visual Studio Version 16
VisualStudioVersion = 16.0.30621.155
MinimumVisualStudioVersion = 10.0.40219.1
Project("{FAE04EC0-301F-11D3-BF4B-00C04F79EFBC}") = "ServerChatApp_045_RafidFahar", "ServerChatApp_045_RafidFahar\ServerChatApp_045_RafidFahar.csproj", "{3B099D2C-EE09-4C12-88EB-B528AFBA943B}"
EndProject
Global
	GlobalSection(SolutionConfigurationPlatforms) = preSolution
		Debug|Any CPU = Debug|Any CPU
		Release|Any CPU = Release|Any CPU
	EndGlobalSection
	GlobalSection(ProjectConfigurationPlatforms) = postSolution
		{3B099D2C-EE09-4C12-88EB-B528AFBA943B}.Debug|Any CPU.ActiveCfg = Debug|Any CPU
		{3B099D2C-EE09-4C12-88EB-B528AFBA943B}.Debug|Any CPU.Build.0 = Debug|Any CPU
		{3B099D2C-EE09-4C12-88EB-B528AFBA943B}.Release|Any CPU.ActiveCfg = Release|Any CPU
		{3B099D2C-EE09-4C12-88EB-B528AFBA943B}.Release|Any CPU.Build.0 = Release|Any CPU
	EndGlobalSection
	GlobalSection(SolutionProperties) = preSolution
		HideSolutionNode = FALSE
	EndGlobalSection
	GlobalSection(ExtensibilityGlobals) = postSolution
		SolutionGuid = {62EEF2B0-6DE9-456A-BC96-985A6BDEDA5E}
	EndGlobalSection
EndGlobal
